// !$*UTF8*$!
{
	archiveVersion = 1;
	classes = {
	};
	objectVersion = 55;
	objects = {

/* Begin PBXBuildFile section */
		9464E97628183D9400FA7EF3 /* AppDelegate.swift in Sources */ = {isa = PBXBuildFile; fileRef = 9464E97528183D9400FA7EF3 /* AppDelegate.swift */; };
		9464E97828183D9400FA7EF3 /* SceneDelegate.swift in Sources */ = {isa = PBXBuildFile; fileRef = 9464E97728183D9400FA7EF3 /* SceneDelegate.swift */; };
		9464E97A28183D9400FA7EF3 /* ViewController.swift in Sources */ = {isa = PBXBuildFile; fileRef = 9464E97928183D9400FA7EF3 /* ViewController.swift */; };
		9464E97D28183D9400FA7EF3 /* Main.storyboard in Resources */ = {isa = PBXBuildFile; fileRef = 9464E97B28183D9400FA7EF3 /* Main.storyboard */; };
		9464E97F28183D9400FA7EF3 /* Assets.xcassets in Resources */ = {isa = PBXBuildFile; fileRef = 9464E97E28183D9400FA7EF3 /* Assets.xcassets */; };
		9464E98228183D9400FA7EF3 /* LaunchScreen.storyboard in Resources */ = {isa = PBXBuildFile; fileRef = 9464E98028183D9400FA7EF3 /* LaunchScreen.storyboard */; };
		9464E98D28183D9400FA7EF3 /* phoneCalcTests.swift in Sources */ = {isa = PBXBuildFile; fileRef = 9464E98C28183D9400FA7EF3 /* phoneCalcTests.swift */; };
		9464E99728183D9400FA7EF3 /* phoneCalcUITests.swift in Sources */ = {isa = PBXBuildFile; fileRef = 9464E99628183D9400FA7EF3 /* phoneCalcUITests.swift */; };
		9464E99928183D9400FA7EF3 /* phoneCalcUITestsLaunchTests.swift in Sources */ = {isa = PBXBuildFile; fileRef = 9464E99828183D9400FA7EF3 /* phoneCalcUITestsLaunchTests.swift */; };
/* End PBXBuildFile section */

/* Begin PBXContainerItemProxy section */
		9464E98928183D9400FA7EF3 /* PBXContainerItemProxy */ = {
			isa = PBXContainerItemProxy;
			containerPortal = 9464E96A28183D9400FA7EF3 /* Project object */;
			proxyType = 1;
			remoteGlobalIDString = 9464E97128183D9400FA7EF3;
			remoteInfo = phoneCalc;
		};
		9464E99328183D9400FA7EF3 /* PBXContainerItemProxy */ = {
			isa = PBXContainerItemProxy;
			containerPortal = 9464E96A28183D9400FA7EF3 /* Project object */;
			proxyType = 1;
			remoteGlobalIDString = 9464E97128183D9400FA7EF3;
			remoteInfo = phoneCalc;
		};
/* End PBXContainerItemProxy section */

/* Begin PBXFileReference section */
		9464E97228183D9400FA7EF3 /* phoneCalc.app */ = {isa = PBXFileReference; explicitFileType = wrapper.application; includeInIndex = 0; path = phoneCalc.app; sourceTree = BUILT_PRODUCTS_DIR; };
		9464E97528183D9400FA7EF3 /* AppDelegate.swift */ = {isa = PBXFileReference; lastKnownFileType = sourcecode.swift; path = AppDelegate.swift; sourceTree = "<group>"; };
		9464E97728183D9400FA7EF3 /* SceneDelegate.swift */ = {isa = PBXFileReference; lastKnownFileType = sourcecode.swift; path = SceneDelegate.swift; sourceTree = "<group>"; };
		9464E97928183D9400FA7EF3 /* ViewController.swift */ = {isa = PBXFileReference; lastKnownFileType = sourcecode.swift; path = ViewController.swift; sourceTree = "<group>"; };
		9464E97C28183D9400FA7EF3 /* Base */ = {isa = PBXFileReference; lastKnownFileType = file.storyboard; name = Base; path = Base.lproj/Main.storyboard; sourceTree = "<group>"; };
		9464E97E28183D9400FA7EF3 /* Assets.xcassets */ = {isa = PBXFileReference; lastKnownFileType = folder.assetcatalog; path = Assets.xcassets; sourceTree = "<group>"; };
		9464E98128183D9400FA7EF3 /* Base */ = {isa = PBXFileReference; lastKnownFileType = file.storyboard; name = Base; path = Base.lproj/LaunchScreen.storyboard; sourceTree = "<group>"; };
		9464E98328183D9400FA7EF3 /* Info.plist */ = {isa = PBXFileReference; lastKnownFileType = text.plist.xml; path = Info.plist; sourceTree = "<group>"; };
		9464E98828183D9400FA7EF3 /* phoneCalcTests.xctest */ = {isa = PBXFileReference; explicitFileType = wrapper.cfbundle; includeInIndex = 0; path = phoneCalcTests.xctest; sourceTree = BUILT_PRODUCTS_DIR; };
		9464E98C28183D9400FA7EF3 /* phoneCalcTests.swift */ = {isa = PBXFileReference; lastKnownFileType = sourcecode.swift; path = phoneCalcTests.swift; sourceTree = "<group>"; };
		9464E99228183D9400FA7EF3 /* phoneCalcUITests.xctest */ = {isa = PBXFileReference; explicitFileType = wrapper.cfbundle; includeInIndex = 0; path = phoneCalcUITests.xctest; sourceTree = BUILT_PRODUCTS_DIR; };
		9464E99628183D9400FA7EF3 /* phoneCalcUITests.swift */ = {isa = PBXFileReference; lastKnownFileType = sourcecode.swift; path = phoneCalcUITests.swift; sourceTree = "<group>"; };
		9464E99828183D9400FA7EF3 /* phoneCalcUITestsLaunchTests.swift */ = {isa = PBXFileReference; lastKnownFileType = sourcecode.swift; path = phoneCalcUITestsLaunchTests.swift; sourceTree = "<group>"; };
/* End PBXFileReference section */

/* Begin PBXFrameworksBuildPhase section */
		9464E96F28183D9400FA7EF3 /* Frameworks */ = {
			isa = PBXFrameworksBuildPhase;
			buildActionMask = 2147483647;
			files = (
			);
			runOnlyForDeploymentPostprocessing = 0;
		};
		9464E98528183D9400FA7EF3 /* Frameworks */ = {
			isa = PBXFrameworksBuildPhase;
			buildActionMask = 2147483647;
			files = (
			);
			runOnlyForDeploymentPostprocessing = 0;
		};
		9464E98F28183D9400FA7EF3 /* Frameworks */ = {
			isa = PBXFrameworksBuildPhase;
			buildActionMask = 2147483647;
			files = (
			);
			runOnlyForDeploymentPostprocessing = 0;
		};
/* End PBXFrameworksBuildPhase section */

/* Begin PBXGroup section */
		9464E96928183D9400FA7EF3 = {
			isa = PBXGroup;
			children = (
				9464E97428183D9400FA7EF3 /* phoneCalc */,
				9464E98B28183D9400FA7EF3 /* phoneCalcTests */,
				9464E99528183D9400FA7EF3 /* phoneCalcUITests */,
				9464E97328183D9400FA7EF3 /* Products */,
			);
			sourceTree = "<group>";
		};
		9464E97328183D9400FA7EF3 /* Products */ = {
			isa = PBXGroup;
			children = (
				9464E97228183D9400FA7EF3 /* phoneCalc.app */,
				9464E98828183D9400FA7EF3 /* phoneCalcTests.xctest */,
				9464E99228183D9400FA7EF3 /* phoneCalcUITests.xctest */,
			);
			name = Products;
			sourceTree = "<group>";
		};
		9464E97428183D9400FA7EF3 /* phoneCalc */ = {
			isa = PBXGroup;
			children = (
				9464E97528183D9400FA7EF3 /* AppDelegate.swift */,
				9464E97728183D9400FA7EF3 /* SceneDelegate.swift */,
				9464E97928183D9400FA7EF3 /* ViewController.swift */,
				9464E97B28183D9400FA7EF3 /* Main.storyboard */,
				9464E97E28183D9400FA7EF3 /* Assets.xcassets */,
				9464E98028183D9400FA7EF3 /* LaunchScreen.storyboard */,
				9464E98328183D9400FA7EF3 /* Info.plist */,
			);
			path = phoneCalc;
			sourceTree = "<group>";
		};
		9464E98B28183D9400FA7EF3 /* phoneCalcTests */ = {
			isa = PBXGroup;
			children = (
				9464E98C28183D9400FA7EF3 /* phoneCalcTests.swift */,
			);
			path = phoneCalcTests;
			sourceTree = "<group>";
		};
		9464E99528183D9400FA7EF3 /* phoneCalcUITests */ = {
			isa = PBXGroup;
			children = (
				9464E99628183D9400FA7EF3 /* phoneCalcUITests.swift */,
				9464E99828183D9400FA7EF3 /* phoneCalcUITestsLaunchTests.swift */,
			);
			path = phoneCalcUITests;
			sourceTree = "<group>";
		};
/* End PBXGroup section */

/* Begin PBXNativeTarget section */
		9464E97128183D9400FA7EF3 /* phoneCalc */ = {
			isa = PBXNativeTarget;
			buildConfigurationList = 9464E99C28183D9400FA7EF3 /* Build configuration list for PBXNativeTarget "phoneCalc" */;
			buildPhases = (
				9464E96E28183D9400FA7EF3 /* Sources */,
				9464E96F28183D9400FA7EF3 /* Frameworks */,
				9464E97028183D9400FA7EF3 /* Resources */,
			);
			buildRules = (
			);
			dependencies = (
			);
			name = phoneCalc;
			productName = phoneCalc;
			productReference = 9464E97228183D9400FA7EF3 /* phoneCalc.app */;
			productType = "com.apple.product-type.application";
		};
		9464E98728183D9400FA7EF3 /* phoneCalcTests */ = {
			isa = PBXNativeTarget;
			buildConfigurationList = 9464E99F28183D9400FA7EF3 /* Build configuration list for PBXNativeTarget "phoneCalcTests" */;
			buildPhases = (
				9464E98428183D9400FA7EF3 /* Sources */,
				9464E98528183D9400FA7EF3 /* Frameworks */,
				9464E98628183D9400FA7EF3 /* Resources */,
			);
			buildRules = (
			);
			dependencies = (
				9464E98A28183D9400FA7EF3 /* PBXTargetDependency */,
			);
			name = phoneCalcTests;
			productName = phoneCalcTests;
			productReference = 9464E98828183D9400FA7EF3 /* phoneCalcTests.xctest */;
			productType = "com.apple.product-type.bundle.unit-test";
		};
		9464E99128183D9400FA7EF3 /* phoneCalcUITests */ = {
			isa = PBXNativeTarget;
			buildConfigurationList = 9464E9A228183D9400FA7EF3 /* Build configuration list for PBXNativeTarget "phoneCalcUITests" */;
			buildPhases = (
				9464E98E28183D9400FA7EF3 /* Sources */,
				9464E98F28183D9400FA7EF3 /* Frameworks */,
				9464E99028183D9400FA7EF3 /* Resources */,
			);
			buildRules = (
			);
			dependencies = (
				9464E99428183D9400FA7EF3 /* PBXTargetDependency */,
			);
			name = phoneCalcUITests;
			productName = phoneCalcUITests;
			productReference = 9464E99228183D9400FA7EF3 /* phoneCalcUITests.xctest */;
			productType = "com.apple.product-type.bundle.ui-testing";
		};
/* End PBXNativeTarget section */

/* Begin PBXProject section */
		9464E96A28183D9400FA7EF3 /* Project object */ = {
			isa = PBXProject;
			attributes = {
				BuildIndependentTargetsInParallel = 1;
				LastSwiftUpdateCheck = 1330;
				LastUpgradeCheck = 1330;
				TargetAttributes = {
					9464E97128183D9400FA7EF3 = {
						CreatedOnToolsVersion = 13.3.1;
					};
					9464E98728183D9400FA7EF3 = {
						CreatedOnToolsVersion = 13.3.1;
						TestTargetID = 9464E97128183D9400FA7EF3;
					};
					9464E99128183D9400FA7EF3 = {
						CreatedOnToolsVersion = 13.3.1;
						TestTargetID = 9464E97128183D9400FA7EF3;
					};
				};
			};
			buildConfigurationList = 9464E96D28183D9400FA7EF3 /* Build configuration list for PBXProject "phoneCalc" */;
			compatibilityVersion = "Xcode 13.0";
			developmentRegion = en;
			hasScannedForEncodings = 0;
			knownRegions = (
				en,
				Base,
			);
			mainGroup = 9464E96928183D9400FA7EF3;
			productRefGroup = 9464E97328183D9400FA7EF3 /* Products */;
			projectDirPath = "";
			projectRoot = "";
			targets = (
				9464E97128183D9400FA7EF3 /* phoneCalc */,
				9464E98728183D9400FA7EF3 /* phoneCalcTests */,
				9464E99128183D9400FA7EF3 /* phoneCalcUITests */,
			);
		};
/* End PBXProject section */

/* Begin PBXResourcesBuildPhase section */
		9464E97028183D9400FA7EF3 /* Resources */ = {
			isa = PBXResourcesBuildPhase;
			buildActionMask = 2147483647;
			files = (
				9464E98228183D9400FA7EF3 /* LaunchScreen.storyboard in Resources */,
				9464E97F28183D9400FA7EF3 /* Assets.xcassets in Resources */,
				9464E97D28183D9400FA7EF3 /* Main.storyboard in Resources */,
			);
			runOnlyForDeploymentPostprocessing = 0;
		};
		9464E98628183D9400FA7EF3 /* Resources */ = {
			isa = PBXResourcesBuildPhase;
			buildActionMask = 2147483647;
			files = (
			);
			runOnlyForDeploymentPostprocessing = 0;
		};
		9464E99028183D9400FA7EF3 /* Resources */ = {
			isa = PBXResourcesBuildPhase;
			buildActionMask = 2147483647;
			files = (
			);
			runOnlyForDeploymentPostprocessing = 0;
		};
/* End PBXResourcesBuildPhase section */

/* Begin PBXSourcesBuildPhase section */
		9464E96E28183D9400FA7EF3 /* Sources */ = {
			isa = PBXSourcesBuildPhase;
			buildActionMask = 2147483647;
			files = (
				9464E97A28183D9400FA7EF3 /* ViewController.swift in Sources */,
				9464E97628183D9400FA7EF3 /* AppDelegate.swift in Sources */,
				9464E97828183D9400FA7EF3 /* SceneDelegate.swift in Sources */,
			);
			runOnlyForDeploymentPostprocessing = 0;
		};
		9464E98428183D9400FA7EF3 /* Sources */ = {
			isa = PBXSourcesBuildPhase;
			buildActionMask = 2147483647;
			files = (
				9464E98D28183D9400FA7EF3 /* phoneCalcTests.swift in Sources */,
			);
			runOnlyForDeploymentPostprocessing = 0;
		};
		9464E98E28183D9400FA7EF3 /* Sources */ = {
			isa = PBXSourcesBuildPhase;
			buildActionMask = 2147483647;
			files = (
				9464E99928183D9400FA7EF3 /* phoneCalcUITestsLaunchTests.swift in Sources */,
				9464E99728183D9400FA7EF3 /* phoneCalcUITests.swift in Sources */,
			);
			runOnlyForDeploymentPostprocessing = 0;
		};
/* End PBXSourcesBuildPhase section */

/* Begin PBXTargetDependency section */
		9464E98A28183D9400FA7EF3 /* PBXTargetDependency */ = {
			isa = PBXTargetDependency;
			target = 9464E97128183D9400FA7EF3 /* phoneCalc */;
			targetProxy = 9464E98928183D9400FA7EF3 /* PBXContainerItemProxy */;
		};
		9464E99428183D9400FA7EF3 /* PBXTargetDependency */ = {
			isa = PBXTargetDependency;
			target = 9464E97128183D9400FA7EF3 /* phoneCalc */;
			targetProxy = 9464E99328183D9400FA7EF3 /* PBXContainerItemProxy */;
		};
/* End PBXTargetDependency section */

/* Begin PBXVariantGroup section */
		9464E97B28183D9400FA7EF3 /* Main.storyboard */ = {
			isa = PBXVariantGroup;
			children = (
				9464E97C28183D9400FA7EF3 /* Base */,
			);
			name = Main.storyboard;
			sourceTree = "<group>";
		};
		9464E98028183D9400FA7EF3 /* LaunchScreen.storyboard */ = {
			isa = PBXVariantGroup;
			children = (
				9464E98128183D9400FA7EF3 /* Base */,
			);
			name = LaunchScreen.storyboard;
			sourceTree = "<group>";
		};
/* End PBXVariantGroup section */

/* Begin XCBuildConfiguration section */
		9464E99A28183D9400FA7EF3 /* Debug */ = {
			isa = XCBuildConfiguration;
			buildSettings = {
				ALWAYS_SEARCH_USER_PATHS = NO;
				CLANG_ANALYZER_NONNULL = YES;
				CLANG_ANALYZER_NUMBER_OBJECT_CONVERSION = YES_AGGRESSIVE;
				CLANG_CXX_LANGUAGE_STANDARD = "gnu++17";
				CLANG_ENABLE_MODULES = YES;
				CLANG_ENABLE_OBJC_ARC = YES;
				CLANG_ENABLE_OBJC_WEAK = YES;
				CLANG_WARN_BLOCK_CAPTURE_AUTORELEASING = YES;
				CLANG_WARN_BOOL_CONVERSION = YES;
				CLANG_WARN_COMMA = YES;
				CLANG_WARN_CONSTANT_CONVERSION = YES;
				CLANG_WARN_DEPRECATED_OBJC_IMPLEMENTATIONS = YES;
				CLANG_WARN_DIRECT_OBJC_ISA_USAGE = YES_ERROR;
				CLANG_WARN_DOCUMENTATION_COMMENTS = YES;
				CLANG_WARN_EMPTY_BODY = YES;
				CLANG_WARN_ENUM_CONVERSION = YES;
				CLANG_WARN_INFINITE_RECURSION = YES;
				CLANG_WARN_INT_CONVERSION = YES;
				CLANG_WARN_NON_LITERAL_NULL_CONVERSION = YES;
				CLANG_WARN_OBJC_IMPLICIT_RETAIN_SELF = YES;
				CLANG_WARN_OBJC_LITERAL_CONVERSION = YES;
				CLANG_WARN_OBJC_ROOT_CLASS = YES_ERROR;
				CLANG_WARN_QUOTED_INCLUDE_IN_FRAMEWORK_HEADER = YES;
				CLANG_WARN_RANGE_LOOP_ANALYSIS = YES;
				CLANG_WARN_STRICT_PROTOTYPES = YES;
				CLANG_WARN_SUSPICIOUS_MOVE = YES;
				CLANG_WARN_UNGUARDED_AVAILABILITY = YES_AGGRESSIVE;
				CLANG_WARN_UNREACHABLE_CODE = YES;
				CLANG_WARN__DUPLICATE_METHOD_MATCH = YES;
				COPY_PHASE_STRIP = NO;
				DEBUG_INFORMATION_FORMAT = dwarf;
				ENABLE_STRICT_OBJC_MSGSEND = YES;
				ENABLE_TESTABILITY = YES;
				GCC_C_LANGUAGE_STANDARD = gnu11;
				GCC_DYNAMIC_NO_PIC = NO;
				GCC_NO_COMMON_BLOCKS = YES;
				GCC_OPTIMIZATION_LEVEL = 0;
				GCC_PREPROCESSOR_DEFINITIONS = (
					"DEBUG=1",
					"$(inherited)",
				);
				GCC_WARN_64_TO_32_BIT_CONVERSION = YES;
				GCC_WARN_ABOUT_RETURN_TYPE = YES_ERROR;
				GCC_WARN_UNDECLARED_SELECTOR = YES;
				GCC_WARN_UNINITIALIZED_AUTOS = YES_AGGRESSIVE;
				GCC_WARN_UNUSED_FUNCTION = YES;
				GCC_WARN_UNUSED_VARIABLE = YES;
				IPHONEOS_DEPLOYMENT_TARGET = 15.4;
				MTL_ENABLE_DEBUG_INFO = INCLUDE_SOURCE;
				MTL_FAST_MATH = YES;
				ONLY_ACTIVE_ARCH = YES;
				SDKROOT = iphoneos;
				SWIFT_ACTIVE_COMPILATION_CONDITIONS = DEBUG;
				SWIFT_OPTIMIZATION_LEVEL = "-Onone";
			};
			name = Debug;
		};
		9464E99B28183D9400FA7EF3 /* Release */ = {
			isa = XCBuildConfiguration;
			buildSettings = {
				ALWAYS_SEARCH_USER_PATHS = NO;
				CLANG_ANALYZER_NONNULL = YES;
				CLANG_ANALYZER_NUMBER_OBJECT_CONVERSION = YES_AGGRESSIVE;
				CLANG_CXX_LANGUAGE_STANDARD = "gnu++17";
				CLANG_ENABLE_MODULES = YES;
				CLANG_ENABLE_OBJC_ARC = YES;
				CLANG_ENABLE_OBJC_WEAK = YES;
				CLANG_WARN_BLOCK_CAPTURE_AUTORELEASING = YES;
				CLANG_WARN_BOOL_CONVERSION = YES;
				CLANG_WARN_COMMA = YES;
				CLANG_WARN_CONSTANT_CONVERSION = YES;
				CLANG_WARN_DEPRECATED_OBJC_IMPLEMENTATIONS = YES;
				CLANG_WARN_DIRECT_OBJC_ISA_USAGE = YES_ERROR;
				CLANG_WARN_DOCUMENTATION_COMMENTS = YES;
				CLANG_WARN_EMPTY_BODY = YES;
				CLANG_WARN_ENUM_CONVERSION = YES;
				CLANG_WARN_INFINITE_RECURSION = YES;
				CLANG_WARN_INT_CONVERSION = YES;
				CLANG_WARN_NON_LITERAL_NULL_CONVERSION = YES;
				CLANG_WARN_OBJC_IMPLICIT_RETAIN_SELF = YES;
				CLANG_WARN_OBJC_LITERAL_CONVERSION = YES;
				CLANG_WARN_OBJC_ROOT_CLASS = YES_ERROR;
				CLANG_WARN_QUOTED_INCLUDE_IN_FRAMEWORK_HEADER = YES;
				CLANG_WARN_RANGE_LOOP_ANALYSIS = YES;
				CLANG_WARN_STRICT_PROTOTYPES = YES;
				CLANG_WARN_SUSPICIOUS_MOVE = YES;
				CLANG_WARN_UNGUARDED_AVAILABILITY = YES_AGGRESSIVE;
				CLANG_WARN_UNREACHABLE_CODE = YES;
				CLANG_WARN__DUPLICATE_METHOD_MATCH = YES;
				COPY_PHASE_STRIP = NO;
				DEBUG_INFORMATION_FORMAT = "dwarf-with-dsym";
				ENABLE_NS_ASSERTIONS = NO;
				ENABLE_STRICT_OBJC_MSGSEND = YES;
				GCC_C_LANGUAGE_STANDARD = gnu11;
				GCC_NO_COMMON_BLOCKS = YES;
				GCC_WARN_64_TO_32_BIT_CONVERSION = YES;
				GCC_WARN_ABOUT_RETURN_TYPE = YES_ERROR;
				GCC_WARN_UNDECLARED_SELECTOR = YES;
				GCC_WARN_UNINITIALIZED_AUTOS = YES_AGGRESSIVE;
				GCC_WARN_UNUSED_FUNCTION = YES;
				GCC_WARN_UNUSED_VARIABLE = YES;
				IPHONEOS_DEPLOYMENT_TARGET = 15.4;
				MTL_ENABLE_DEBUG_INFO = NO;
				MTL_FAST_MATH = YES;
				SDKROOT = iphoneos;
				SWIFT_COMPILATION_MODE = wholemodule;
				SWIFT_OPTIMIZATION_LEVEL = "-O";
				VALIDATE_PRODUCT = YES;
			};
			name = Release;
		};
		9464E99D28183D9400FA7EF3 /* Debug */ = {
			isa = XCBuildConfiguration;
			buildSettings = {
				ASSETCATALOG_COMPILER_APPICON_NAME = AppIcon;
				ASSETCATALOG_COMPILER_GLOBAL_ACCENT_COLOR_NAME = AccentColor;
				CODE_SIGN_STYLE = Automatic;
				CURRENT_PROJECT_VERSION = 1;
				DEVELOPMENT_TEAM = AS43NY4P3A;
				GENERATE_INFOPLIST_FILE = YES;
				INFOPLIST_FILE = phoneCalc/Info.plist;
				INFOPLIST_KEY_UIApplicationSupportsIndirectInputEvents = YES;
				INFOPLIST_KEY_UILaunchStoryboardName = LaunchScreen;
				INFOPLIST_KEY_UIMainStoryboardFile = Main;
				INFOPLIST_KEY_UISupportedInterfaceOrientations_iPad = "UIInterfaceOrientationPortrait UIInterfaceOrientationPortraitUpsideDown UIInterfaceOrientationLandscapeLeft UIInterfaceOrientationLandscapeRight";
				INFOPLIST_KEY_UISupportedInterfaceOrientations_iPhone = "UIInterfaceOrientationPortrait UIInterfaceOrientationLandscapeLeft UIInterfaceOrientationLandscapeRight";
				LD_RUNPATH_SEARCH_PATHS = (
					"$(inherited)",
					"@executable_path/Frameworks",
				);
				MARKETING_VERSION = 1.0;
				PRODUCT_BUNDLE_IDENTIFIER = "Jeremy-Duncan.phoneCalc";
				PRODUCT_NAME = "$(TARGET_NAME)";
				SWIFT_EMIT_LOC_STRINGS = YES;
				SWIFT_VERSION = 5.0;
				TARGETED_DEVICE_FAMILY = "1,2";
			};
			name = Debug;
		};
		9464E99E28183D9400FA7EF3 /* Release */ = {
			isa = XCBuildConfiguration;
			buildSettings = {
				ASSETCATALOG_COMPILER_APPICON_NAME = AppIcon;
				ASSETCATALOG_COMPILER_GLOBAL_ACCENT_COLOR_NAME = AccentColor;
				CODE_SIGN_STYLE = Automatic;
				CURRENT_PROJECT_VERSION = 1;
				DEVELOPMENT_TEAM = AS43NY4P3A;
				GENERATE_INFOPLIST_FILE = YES;
				INFOPLIST_FILE = phoneCalc/Info.plist;
				INFOPLIST_KEY_UIApplicationSupportsIndirectInputEvents = YES;
				INFOPLIST_KEY_UILaunchStoryboardName = LaunchScreen;
				INFOPLIST_KEY_UIMainStoryboardFile = Main;
				INFOPLIST_KEY_UISupportedInterfaceOrientations_iPad = "UIInterfaceOrientationPortrait UIInterfaceOrientationPortraitUpsideDown UIInterfaceOrientationLandscapeLeft UIInterfaceOrientationLandscapeRight";
				INFOPLIST_KEY_UISupportedInterfaceOrientations_iPhone = "UIInterfaceOrientationPortrait UIInterfaceOrientationLandscapeLeft UIInterfaceOrientationLandscapeRight";
				LD_RUNPATH_SEARCH_PATHS = (
					"$(inherited)",
					"@executable_path/Frameworks",
				);
				MARKETING_VERSION = 1.0;
				PRODUCT_BUNDLE_IDENTIFIER = "Jeremy-Duncan.phoneCalc";
				PRODUCT_NAME = "$(TARGET_NAME)";
				SWIFT_EMIT_LOC_STRINGS = YES;
				SWIFT_VERSION = 5.0;
				TARGETED_DEVICE_FAMILY = "1,2";
			};
			name = Release;
		};
		9464E9A028183D9400FA7EF3 /* Debug */ = {
			isa = XCBuildConfiguration;
			buildSettings = {
				ALWAYS_EMBED_SWIFT_STANDARD_LIBRARIES = YES;
				BUNDLE_LOADER = "$(TEST_HOST)";
				CODE_SIGN_STYLE = Automatic;
				CURRENT_PROJECT_VERSION = 1;
				GENERATE_INFOPLIST_FILE = YES;
				IPHONEOS_DEPLOYMENT_TARGET = 15.4;
				MARKETING_VERSION = 1.0;
				PRODUCT_BUNDLE_IDENTIFIER = "Jeremy-Duncan.phoneCalcTests";
				PRODUCT_NAME = "$(TARGET_NAME)";
				SWIFT_EMIT_LOC_STRINGS = NO;
				SWIFT_VERSION = 5.0;
				TARGETED_DEVICE_FAMILY = "1,2";
				TEST_HOST = "$(BUILT_PRODUCTS_DIR)/phoneCalc.app/phoneCalc";
			};
			name = Debug;
		};
		9464E9A128183D9400FA7EF3 /* Release */ = {
			isa = XCBuildConfiguration;
			buildSettings = {
				ALWAYS_EMBED_SWIFT_STANDARD_LIBRARIES = YES;
				BUNDLE_LOADER = "$(TEST_HOST)";
				CODE_SIGN_STYLE = Automatic;
				CURRENT_PROJECT_VERSION = 1;
				GENERATE_INFOPLIST_FILE = YES;
				IPHONEOS_DEPLOYMENT_TARGET = 15.4;
				MARKETING_VERSION = 1.0;
				PRODUCT_BUNDLE_IDENTIFIER = "Jeremy-Duncan.phoneCalcTests";
				PRODUCT_NAME = "$(TARGET_NAME)";
				SWIFT_EMIT_LOC_STRINGS = NO;
				SWIFT_VERSION = 5.0;
				TARGETED_DEVICE_FAMILY = "1,2";
				TEST_HOST = "$(BUILT_PRODUCTS_DIR)/phoneCalc.app/phoneCalc";
			};
			name = Release;
		};
		9464E9A328183D9400FA7EF3 /* Debug */ = {
			isa = XCBuildConfiguration;
			buildSettings = {
				ALWAYS_EMBED_SWIFT_STANDARD_LIBRARIES = YES;
				CODE_SIGN_STYLE = Automatic;
				CURRENT_PROJECT_VERSION = 1;
				GENERATE_INFOPLIST_FILE = YES;
				MARKETING_VERSION = 1.0;
				PRODUCT_BUNDLE_IDENTIFIER = "Jeremy-Duncan.phoneCalcUITests";
				PRODUCT_NAME = "$(TARGET_NAME)";
				SWIFT_EMIT_LOC_STRINGS = NO;
				SWIFT_VERSION = 5.0;
				TARGETED_DEVICE_FAMILY = "1,2";
				TEST_TARGET_NAME = phoneCalc;
			};
			name = Debug;
		};
		9464E9A428183D9400FA7EF3 /* Release */ = {
			isa = XCBuildConfiguration;
			buildSettings = {
				ALWAYS_EMBED_SWIFT_STANDARD_LIBRARIES = YES;
				CODE_SIGN_STYLE = Automatic;
				CURRENT_PROJECT_VERSION = 1;
				GENERATE_INFOPLIST_FILE = YES;
				MARKETING_VERSION = 1.0;
				PRODUCT_BUNDLE_IDENTIFIER = "Jeremy-Duncan.phoneCalcUITests";
				PRODUCT_NAME = "$(TARGET_NAME)";
				SWIFT_EMIT_LOC_STRINGS = NO;
				SWIFT_VERSION = 5.0;
				TARGETED_DEVICE_FAMILY = "1,2";
				TEST_TARGET_NAME = phoneCalc;
			};
			name = Release;
		};
/* End XCBuildConfiguration section */

/* Begin XCConfigurationList section */
		9464E96D28183D9400FA7EF3 /* Build configuration list for PBXProject "phoneCalc" */ = {
			isa = XCConfigurationList;
			buildConfigurations = (
				9464E99A28183D9400FA7EF3 /* Debug */,
				9464E99B28183D9400FA7EF3 /* Release */,
			);
			defaultConfigurationIsVisible = 0;
			defaultConfigurationName = Release;
		};
		9464E99C28183D9400FA7EF3 /* Build configuration list for PBXNativeTarget "phoneCalc" */ = {
			isa = XCConfigurationList;
			buildConfigurations = (
				9464E99D28183D9400FA7EF3 /* Debug */,
				9464E99E28183D9400FA7EF3 /* Release */,
			);
			defaultConfigurationIsVisible = 0;
			defaultConfigurationName = Release;
		};
		9464E99F28183D9400FA7EF3 /* Build configuration list for PBXNativeTarget "phoneCalcTests" */ = {
			isa = XCConfigurationList;
			buildConfigurations = (
				9464E9A028183D9400FA7EF3 /* Debug */,
				9464E9A128183D9400FA7EF3 /* Release */,
			);
			defaultConfigurationIsVisible = 0;
			defaultConfigurationName = Release;
		};
		9464E9A228183D9400FA7EF3 /* Build configuration list for PBXNativeTarget "phoneCalcUITests" */ = {
			isa = XCConfigurationList;
			buildConfigurations = (
				9464E9A328183D9400FA7EF3 /* Debug */,
				9464E9A428183D9400FA7EF3 /* Release */,
			);
			defaultConfigurationIsVisible = 0;
			defaultConfigurationName = Release;
		};
/* End XCConfigurationList section */
	};
	rootObject = 9464E96A28183D9400FA7EF3 /* Project object */;
}
